// !$*UTF8*$!
{
	archiveVersion = 1;
	classes = {
	};
	objectVersion = 55;
	objects = {

/* Begin PBXBuildFile section */
		9931E80928421C3900688C0F /* AppDelegate.swift in Sources */ = {isa = PBXBuildFile; fileRef = 9931E80828421C3900688C0F /* AppDelegate.swift */; };
		9931E80B28421C3900688C0F /* SceneDelegate.swift in Sources */ = {isa = PBXBuildFile; fileRef = 9931E80A28421C3900688C0F /* SceneDelegate.swift */; };
		9931E81228421C3A00688C0F /* Assets.xcassets in Resources */ = {isa = PBXBuildFile; fileRef = 9931E81128421C3A00688C0F /* Assets.xcassets */; };
		9931E81528421C3A00688C0F /* LaunchScreen.storyboard in Resources */ = {isa = PBXBuildFile; fileRef = 9931E81328421C3A00688C0F /* LaunchScreen.storyboard */; };
		9931E81D28421C9B00688C0F /* ExtensionUIView.swift in Sources */ = {isa = PBXBuildFile; fileRef = 9931E81C28421C9B00688C0F /* ExtensionUIView.swift */; };
		9931E82428421E7E00688C0F /* Tabbar.swift in Sources */ = {isa = PBXBuildFile; fileRef = 9931E82328421E7E00688C0F /* Tabbar.swift */; };
		9931E82628421F1600688C0F /* InfoViewController.swift in Sources */ = {isa = PBXBuildFile; fileRef = 9931E82528421F1600688C0F /* InfoViewController.swift */; };
		9931E82828421F4300688C0F /* LogInViewController.swift in Sources */ = {isa = PBXBuildFile; fileRef = 9931E82728421F4300688C0F /* LogInViewController.swift */; };
		9931E82A28421F7500688C0F /* FeedViewController.swift in Sources */ = {isa = PBXBuildFile; fileRef = 9931E82928421F7500688C0F /* FeedViewController.swift */; };
		9931E82C28421FAB00688C0F /* PostViewController.swift in Sources */ = {isa = PBXBuildFile; fileRef = 9931E82B28421FAB00688C0F /* PostViewController.swift */; };
		9931E82E28421FD100688C0F /* PhotosViewController.swift in Sources */ = {isa = PBXBuildFile; fileRef = 9931E82D28421FD100688C0F /* PhotosViewController.swift */; };
		9931E83028421FFA00688C0F /* ProfileViewController.swift in Sources */ = {isa = PBXBuildFile; fileRef = 9931E82F28421FFA00688C0F /* ProfileViewController.swift */; };
		9931E8322842202600688C0F /* ProfileHeaderView.swift in Sources */ = {isa = PBXBuildFile; fileRef = 9931E8312842202600688C0F /* ProfileHeaderView.swift */; };
		9931E8342842205C00688C0F /* PostTableViewCell.swift in Sources */ = {isa = PBXBuildFile; fileRef = 9931E8332842205C00688C0F /* PostTableViewCell.swift */; };
		9931E8362842207F00688C0F /* PhotosTableViewCell.swift in Sources */ = {isa = PBXBuildFile; fileRef = 9931E8352842207F00688C0F /* PhotosTableViewCell.swift */; };
		9931E839284220E600688C0F /* PhotosCollectionViewCell.swift in Sources */ = {isa = PBXBuildFile; fileRef = 9931E838284220E600688C0F /* PhotosCollectionViewCell.swift */; };
		9931E83B2842210B00688C0F /* Post.swift in Sources */ = {isa = PBXBuildFile; fileRef = 9931E83A2842210B00688C0F /* Post.swift */; };
		9931E83D2842211F00688C0F /* Photos.swift in Sources */ = {isa = PBXBuildFile; fileRef = 9931E83C2842211F00688C0F /* Photos.swift */; };
		99BF040928422ACE00C9950B /* Login.swift in Sources */ = {isa = PBXBuildFile; fileRef = 99BF040828422ACE00C9950B /* Login.swift */; };
		99BF040B28422BD000C9950B /* DetailPostViewController.swift in Sources */ = {isa = PBXBuildFile; fileRef = 99BF040A28422BD000C9950B /* DetailPostViewController.swift */; };
		99BF040E28422C6000C9950B /* TextFiedldAnimation.swift in Sources */ = {isa = PBXBuildFile; fileRef = 99BF040D28422C6000C9950B /* TextFiedldAnimation.swift */; };
		99BF041028422C8700C9950B /* UIcolor.swift in Sources */ = {isa = PBXBuildFile; fileRef = 99BF040F28422C8700C9950B /* UIcolor.swift */; };
		99BF041228423F8900C9950B /* PhotosTableViewCellDelegate.swift in Sources */ = {isa = PBXBuildFile; fileRef = 99BF041128423F8900C9950B /* PhotosTableViewCellDelegate.swift */; };
		99BF041428423FB400C9950B /* ProfileHeaderViewDelegate.swift in Sources */ = {isa = PBXBuildFile; fileRef = 99BF041328423FB400C9950B /* ProfileHeaderViewDelegate.swift */; };
		99BF04182842403200C9950B /* DetailPostViewDelegate.swift in Sources */ = {isa = PBXBuildFile; fileRef = 99BF04172842403200C9950B /* DetailPostViewDelegate.swift */; };
		99BF041A2842405700C9950B /* ProfileViewControllerDataSource.swift in Sources */ = {isa = PBXBuildFile; fileRef = 99BF04192842405700C9950B /* ProfileViewControllerDataSource.swift */; };
		99BF041C2842494400C9950B /* PostTableViewCellDelegate.swift in Sources */ = {isa = PBXBuildFile; fileRef = 99BF041B2842494400C9950B /* PostTableViewCellDelegate.swift */; };
/* End PBXBuildFile section */

/* Begin PBXFileReference section */
		9931E80528421C3900688C0F /* Diplom.app */ = {isa = PBXFileReference; explicitFileType = wrapper.application; includeInIndex = 0; path = Diplom.app; sourceTree = BUILT_PRODUCTS_DIR; };
		9931E80828421C3900688C0F /* AppDelegate.swift */ = {isa = PBXFileReference; lastKnownFileType = sourcecode.swift; path = AppDelegate.swift; sourceTree = "<group>"; };
		9931E80A28421C3900688C0F /* SceneDelegate.swift */ = {isa = PBXFileReference; lastKnownFileType = sourcecode.swift; path = SceneDelegate.swift; sourceTree = "<group>"; };
		9931E81128421C3A00688C0F /* Assets.xcassets */ = {isa = PBXFileReference; lastKnownFileType = folder.assetcatalog; path = Assets.xcassets; sourceTree = "<group>"; };
		9931E81428421C3A00688C0F /* Base */ = {isa = PBXFileReference; lastKnownFileType = file.storyboard; name = Base; path = Base.lproj/LaunchScreen.storyboard; sourceTree = "<group>"; };
		9931E81628421C3A00688C0F /* Info.plist */ = {isa = PBXFileReference; lastKnownFileType = text.plist.xml; path = Info.plist; sourceTree = "<group>"; };
		9931E81C28421C9B00688C0F /* ExtensionUIView.swift */ = {isa = PBXFileReference; lastKnownFileType = sourcecode.swift; path = ExtensionUIView.swift; sourceTree = "<group>"; };
		9931E82328421E7E00688C0F /* Tabbar.swift */ = {isa = PBXFileReference; lastKnownFileType = sourcecode.swift; path = Tabbar.swift; sourceTree = "<group>"; };
		9931E82528421F1600688C0F /* InfoViewController.swift */ = {isa = PBXFileReference; lastKnownFileType = sourcecode.swift; path = InfoViewController.swift; sourceTree = "<group>"; };
		9931E82728421F4300688C0F /* LogInViewController.swift */ = {isa = PBXFileReference; lastKnownFileType = sourcecode.swift; path = LogInViewController.swift; sourceTree = "<group>"; };
		9931E82928421F7500688C0F /* FeedViewController.swift */ = {isa = PBXFileReference; lastKnownFileType = sourcecode.swift; path = FeedViewController.swift; sourceTree = "<group>"; };
		9931E82B28421FAB00688C0F /* PostViewController.swift */ = {isa = PBXFileReference; lastKnownFileType = sourcecode.swift; path = PostViewController.swift; sourceTree = "<group>"; };
		9931E82D28421FD100688C0F /* PhotosViewController.swift */ = {isa = PBXFileReference; lastKnownFileType = sourcecode.swift; path = PhotosViewController.swift; sourceTree = "<group>"; };
		9931E82F28421FFA00688C0F /* ProfileViewController.swift */ = {isa = PBXFileReference; lastKnownFileType = sourcecode.swift; path = ProfileViewController.swift; sourceTree = "<group>"; };
		9931E8312842202600688C0F /* ProfileHeaderView.swift */ = {isa = PBXFileReference; lastKnownFileType = sourcecode.swift; path = ProfileHeaderView.swift; sourceTree = "<group>"; };
		9931E8332842205C00688C0F /* PostTableViewCell.swift */ = {isa = PBXFileReference; lastKnownFileType = sourcecode.swift; path = PostTableViewCell.swift; sourceTree = "<group>"; };
		9931E8352842207F00688C0F /* PhotosTableViewCell.swift */ = {isa = PBXFileReference; lastKnownFileType = sourcecode.swift; path = PhotosTableViewCell.swift; sourceTree = "<group>"; };
		9931E838284220E600688C0F /* PhotosCollectionViewCell.swift */ = {isa = PBXFileReference; lastKnownFileType = sourcecode.swift; path = PhotosCollectionViewCell.swift; sourceTree = "<group>"; };
		9931E83A2842210B00688C0F /* Post.swift */ = {isa = PBXFileReference; lastKnownFileType = sourcecode.swift; path = Post.swift; sourceTree = "<group>"; };
		9931E83C2842211F00688C0F /* Photos.swift */ = {isa = PBXFileReference; lastKnownFileType = sourcecode.swift; path = Photos.swift; sourceTree = "<group>"; };
		99BF040828422ACE00C9950B /* Login.swift */ = {isa = PBXFileReference; lastKnownFileType = sourcecode.swift; path = Login.swift; sourceTree = "<group>"; };
		99BF040A28422BD000C9950B /* DetailPostViewController.swift */ = {isa = PBXFileReference; lastKnownFileType = sourcecode.swift; path = DetailPostViewController.swift; sourceTree = "<group>"; };
		99BF040D28422C6000C9950B /* TextFiedldAnimation.swift */ = {isa = PBXFileReference; lastKnownFileType = sourcecode.swift; path = TextFiedldAnimation.swift; sourceTree = "<group>"; };
		99BF040F28422C8700C9950B /* UIcolor.swift */ = {isa = PBXFileReference; lastKnownFileType = sourcecode.swift; path = UIcolor.swift; sourceTree = "<group>"; };
		99BF041128423F8900C9950B /* PhotosTableViewCellDelegate.swift */ = {isa = PBXFileReference; lastKnownFileType = sourcecode.swift; path = PhotosTableViewCellDelegate.swift; sourceTree = "<group>"; };
		99BF041328423FB400C9950B /* ProfileHeaderViewDelegate.swift */ = {isa = PBXFileReference; lastKnownFileType = sourcecode.swift; path = ProfileHeaderViewDelegate.swift; sourceTree = "<group>"; };
		99BF04172842403200C9950B /* DetailPostViewDelegate.swift */ = {isa = PBXFileReference; lastKnownFileType = sourcecode.swift; path = DetailPostViewDelegate.swift; sourceTree = "<group>"; };
		99BF04192842405700C9950B /* ProfileViewControllerDataSource.swift */ = {isa = PBXFileReference; lastKnownFileType = sourcecode.swift; path = ProfileViewControllerDataSource.swift; sourceTree = "<group>"; };
		99BF041B2842494400C9950B /* PostTableViewCellDelegate.swift */ = {isa = PBXFileReference; lastKnownFileType = sourcecode.swift; path = PostTableViewCellDelegate.swift; sourceTree = "<group>"; };
/* End PBXFileReference section */

/* Begin PBXFrameworksBuildPhase section */
		9931E80228421C3900688C0F /* Frameworks */ = {
			isa = PBXFrameworksBuildPhase;
			buildActionMask = 2147483647;
			files = (
			);
			runOnlyForDeploymentPostprocessing = 0;
		};
/* End PBXFrameworksBuildPhase section */

/* Begin PBXGroup section */
		9931E7FC28421C3900688C0F = {
			isa = PBXGroup;
			children = (
				9931E80728421C3900688C0F /* Diplom */,
				9931E80628421C3900688C0F /* Products */,
			);
			sourceTree = "<group>";
		};
		9931E80628421C3900688C0F /* Products */ = {
			isa = PBXGroup;
			children = (
				9931E80528421C3900688C0F /* Diplom.app */,
			);
			name = Products;
			sourceTree = "<group>";
		};
		9931E80728421C3900688C0F /* Diplom */ = {
			isa = PBXGroup;
			children = (
				9931E81C28421C9B00688C0F /* ExtensionUIView.swift */,
				99BF040D28422C6000C9950B /* TextFiedldAnimation.swift */,
				99BF040F28422C8700C9950B /* UIcolor.swift */,
				9931E81F28421CC300688C0F /* Cell */,
				9931E81E28421CBB00688C0F /* Model */,
				9931E82228421E2700688C0F /* Profile */,
				9931E82928421F7500688C0F /* FeedViewController.swift */,
				99BF040828422ACE00C9950B /* Login.swift */,
				9931E80A28421C3900688C0F /* SceneDelegate.swift */,
				9931E82328421E7E00688C0F /* Tabbar.swift */,
				9931E82528421F1600688C0F /* InfoViewController.swift */,
				9931E82728421F4300688C0F /* LogInViewController.swift */,
				9931E80828421C3900688C0F /* AppDelegate.swift */,
				9931E81128421C3A00688C0F /* Assets.xcassets */,
				9931E81328421C3A00688C0F /* LaunchScreen.storyboard */,
				9931E81628421C3A00688C0F /* Info.plist */,
				99BF041128423F8900C9950B /* PhotosTableViewCellDelegate.swift */,
				99BF041328423FB400C9950B /* ProfileHeaderViewDelegate.swift */,
				99BF04172842403200C9950B /* DetailPostViewDelegate.swift */,
				99BF041B2842494400C9950B /* PostTableViewCellDelegate.swift */,
				99BF04192842405700C9950B /* ProfileViewControllerDataSource.swift */,
			);
			path = Diplom;
			sourceTree = "<group>";
		};
		9931E81E28421CBB00688C0F /* Model */ = {
			isa = PBXGroup;
			children = (
				9931E83A2842210B00688C0F /* Post.swift */,
				9931E83C2842211F00688C0F /* Photos.swift */,
			);
			path = Model;
			sourceTree = "<group>";
		};
		9931E81F28421CC300688C0F /* Cell */ = {
			isa = PBXGroup;
			children = (
				9931E8332842205C00688C0F /* PostTableViewCell.swift */,
				9931E8352842207F00688C0F /* PhotosTableViewCell.swift */,
				9931E838284220E600688C0F /* PhotosCollectionViewCell.swift */,
			);
			path = Cell;
			sourceTree = "<group>";
		};
		9931E82228421E2700688C0F /* Profile */ = {
			isa = PBXGroup;
			children = (
				9931E82D28421FD100688C0F /* PhotosViewController.swift */,
				9931E82B28421FAB00688C0F /* PostViewController.swift */,
				9931E8312842202600688C0F /* ProfileHeaderView.swift */,
				9931E82F28421FFA00688C0F /* ProfileViewController.swift */,
				99BF040A28422BD000C9950B /* DetailPostViewController.swift */,
			);
			path = Profile;
			sourceTree = "<group>";
		};
/* End PBXGroup section */

/* Begin PBXNativeTarget section */
		9931E80428421C3900688C0F /* Diplom */ = {
			isa = PBXNativeTarget;
			buildConfigurationList = 9931E81928421C3A00688C0F /* Build configuration list for PBXNativeTarget "Diplom" */;
			buildPhases = (
				9931E80128421C3900688C0F /* Sources */,
				9931E80228421C3900688C0F /* Frameworks */,
				9931E80328421C3900688C0F /* Resources */,
			);
			buildRules = (
			);
			dependencies = (
			);
			name = Diplom;
			productName = Diplom;
			productReference = 9931E80528421C3900688C0F /* Diplom.app */;
			productType = "com.apple.product-type.application";
		};
/* End PBXNativeTarget section */

/* Begin PBXProject section */
		9931E7FD28421C3900688C0F /* Project object */ = {
			isa = PBXProject;
			attributes = {
				BuildIndependentTargetsInParallel = 1;
				LastSwiftUpdateCheck = 1340;
				LastUpgradeCheck = 1340;
				TargetAttributes = {
					9931E80428421C3900688C0F = {
						CreatedOnToolsVersion = 13.4;
					};
				};
			};
			buildConfigurationList = 9931E80028421C3900688C0F /* Build configuration list for PBXProject "Diplom" */;
			compatibilityVersion = "Xcode 13.0";
			developmentRegion = en;
			hasScannedForEncodings = 0;
			knownRegions = (
				en,
				Base,
			);
			mainGroup = 9931E7FC28421C3900688C0F;
			productRefGroup = 9931E80628421C3900688C0F /* Products */;
			projectDirPath = "";
			projectRoot = "";
			targets = (
				9931E80428421C3900688C0F /* Diplom */,
			);
		};
/* End PBXProject section */

/* Begin PBXResourcesBuildPhase section */
		9931E80328421C3900688C0F /* Resources */ = {
			isa = PBXResourcesBuildPhase;
			buildActionMask = 2147483647;
			files = (
				9931E81528421C3A00688C0F /* LaunchScreen.storyboard in Resources */,
				9931E81228421C3A00688C0F /* Assets.xcassets in Resources */,
			);
			runOnlyForDeploymentPostprocessing = 0;
		};
/* End PBXResourcesBuildPhase section */

/* Begin PBXSourcesBuildPhase section */
		9931E80128421C3900688C0F /* Sources */ = {
			isa = PBXSourcesBuildPhase;
			buildActionMask = 2147483647;
			files = (
				9931E82E28421FD100688C0F /* PhotosViewController.swift in Sources */,
				99BF040E28422C6000C9950B /* TextFiedldAnimation.swift in Sources */,
				99BF040928422ACE00C9950B /* Login.swift in Sources */,
				9931E839284220E600688C0F /* PhotosCollectionViewCell.swift in Sources */,
				9931E82C28421FAB00688C0F /* PostViewController.swift in Sources */,
				9931E8322842202600688C0F /* ProfileHeaderView.swift in Sources */,
				99BF040B28422BD000C9950B /* DetailPostViewController.swift in Sources */,
				9931E83D2842211F00688C0F /* Photos.swift in Sources */,
				99BF041428423FB400C9950B /* ProfileHeaderViewDelegate.swift in Sources */,
				9931E83028421FFA00688C0F /* ProfileViewController.swift in Sources */,
				99BF041028422C8700C9950B /* UIcolor.swift in Sources */,
				9931E80928421C3900688C0F /* AppDelegate.swift in Sources */,
				9931E81D28421C9B00688C0F /* ExtensionUIView.swift in Sources */,
				9931E82828421F4300688C0F /* LogInViewController.swift in Sources */,
				9931E80B28421C3900688C0F /* SceneDelegate.swift in Sources */,
				9931E83B2842210B00688C0F /* Post.swift in Sources */,
				9931E82428421E7E00688C0F /* Tabbar.swift in Sources */,
				99BF041C2842494400C9950B /* PostTableViewCellDelegate.swift in Sources */,
				9931E8362842207F00688C0F /* PhotosTableViewCell.swift in Sources */,
				9931E82628421F1600688C0F /* InfoViewController.swift in Sources */,
				99BF041228423F8900C9950B /* PhotosTableViewCellDelegate.swift in Sources */,
				9931E82A28421F7500688C0F /* FeedViewController.swift in Sources */,
				99BF041A2842405700C9950B /* ProfileViewControllerDataSource.swift in Sources */,
				99BF04182842403200C9950B /* DetailPostViewDelegate.swift in Sources */,
				9931E8342842205C00688C0F /* PostTableViewCell.swift in Sources */,
			);
			runOnlyForDeploymentPostprocessing = 0;
		};
/* End PBXSourcesBuildPhase section */

/* Begin PBXVariantGroup section */
		9931E81328421C3A00688C0F /* LaunchScreen.storyboard */ = {
			isa = PBXVariantGroup;
			children = (
				9931E81428421C3A00688C0F /* Base */,
			);
			name = LaunchScreen.storyboard;
			sourceTree = "<group>";
		};
/* End PBXVariantGroup section */

/* Begin XCBuildConfiguration section */
		9931E81728421C3A00688C0F /* Debug */ = {
			isa = XCBuildConfiguration;
			buildSettings = {
				ALWAYS_SEARCH_USER_PATHS = NO;
				CLANG_ANALYZER_NONNULL = YES;
				CLANG_ANALYZER_NUMBER_OBJECT_CONVERSION = YES_AGGRESSIVE;
				CLANG_CXX_LANGUAGE_STANDARD = "gnu++17";
				CLANG_ENABLE_MODULES = YES;
				CLANG_ENABLE_OBJC_ARC = YES;
				CLANG_ENABLE_OBJC_WEAK = YES;
				CLANG_WARN_BLOCK_CAPTURE_AUTORELEASING = YES;
				CLANG_WARN_BOOL_CONVERSION = YES;
				CLANG_WARN_COMMA = YES;
				CLANG_WARN_CONSTANT_CONVERSION = YES;
				CLANG_WARN_DEPRECATED_OBJC_IMPLEMENTATIONS = YES;
				CLANG_WARN_DIRECT_OBJC_ISA_USAGE = YES_ERROR;
				CLANG_WARN_DOCUMENTATION_COMMENTS = YES;
				CLANG_WARN_EMPTY_BODY = YES;
				CLANG_WARN_ENUM_CONVERSION = YES;
				CLANG_WARN_INFINITE_RECURSION = YES;
				CLANG_WARN_INT_CONVERSION = YES;
				CLANG_WARN_NON_LITERAL_NULL_CONVERSION = YES;
				CLANG_WARN_OBJC_IMPLICIT_RETAIN_SELF = YES;
				CLANG_WARN_OBJC_LITERAL_CONVERSION = YES;
				CLANG_WARN_OBJC_ROOT_CLASS = YES_ERROR;
				CLANG_WARN_QUOTED_INCLUDE_IN_FRAMEWORK_HEADER = YES;
				CLANG_WARN_RANGE_LOOP_ANALYSIS = YES;
				CLANG_WARN_STRICT_PROTOTYPES = YES;
				CLANG_WARN_SUSPICIOUS_MOVE = YES;
				CLANG_WARN_UNGUARDED_AVAILABILITY = YES_AGGRESSIVE;
				CLANG_WARN_UNREACHABLE_CODE = YES;
				CLANG_WARN__DUPLICATE_METHOD_MATCH = YES;
				COPY_PHASE_STRIP = NO;
				DEBUG_INFORMATION_FORMAT = dwarf;
				ENABLE_STRICT_OBJC_MSGSEND = YES;
				ENABLE_TESTABILITY = YES;
				GCC_C_LANGUAGE_STANDARD = gnu11;
				GCC_DYNAMIC_NO_PIC = NO;
				GCC_NO_COMMON_BLOCKS = YES;
				GCC_OPTIMIZATION_LEVEL = 0;
				GCC_PREPROCESSOR_DEFINITIONS = (
					"DEBUG=1",
					"$(inherited)",
				);
				GCC_WARN_64_TO_32_BIT_CONVERSION = YES;
				GCC_WARN_ABOUT_RETURN_TYPE = YES_ERROR;
				GCC_WARN_UNDECLARED_SELECTOR = YES;
				GCC_WARN_UNINITIALIZED_AUTOS = YES_AGGRESSIVE;
				GCC_WARN_UNUSED_FUNCTION = YES;
				GCC_WARN_UNUSED_VARIABLE = YES;
				IPHONEOS_DEPLOYMENT_TARGET = 15.5;
				MTL_ENABLE_DEBUG_INFO = INCLUDE_SOURCE;
				MTL_FAST_MATH = YES;
				ONLY_ACTIVE_ARCH = YES;
				SDKROOT = iphoneos;
				SWIFT_ACTIVE_COMPILATION_CONDITIONS = DEBUG;
				SWIFT_OPTIMIZATION_LEVEL = "-Onone";
			};
			name = Debug;
		};
		9931E81828421C3A00688C0F /* Release */ = {
			isa = XCBuildConfiguration;
			buildSettings = {
				ALWAYS_SEARCH_USER_PATHS = NO;
				CLANG_ANALYZER_NONNULL = YES;
				CLANG_ANALYZER_NUMBER_OBJECT_CONVERSION = YES_AGGRESSIVE;
				CLANG_CXX_LANGUAGE_STANDARD = "gnu++17";
				CLANG_ENABLE_MODULES = YES;
				CLANG_ENABLE_OBJC_ARC = YES;
				CLANG_ENABLE_OBJC_WEAK = YES;
				CLANG_WARN_BLOCK_CAPTURE_AUTORELEASING = YES;
				CLANG_WARN_BOOL_CONVERSION = YES;
				CLANG_WARN_COMMA = YES;
				CLANG_WARN_CONSTANT_CONVERSION = YES;
				CLANG_WARN_DEPRECATED_OBJC_IMPLEMENTATIONS = YES;
				CLANG_WARN_DIRECT_OBJC_ISA_USAGE = YES_ERROR;
				CLANG_WARN_DOCUMENTATION_COMMENTS = YES;
				CLANG_WARN_EMPTY_BODY = YES;
				CLANG_WARN_ENUM_CONVERSION = YES;
				CLANG_WARN_INFINITE_RECURSION = YES;
				CLANG_WARN_INT_CONVERSION = YES;
				CLANG_WARN_NON_LITERAL_NULL_CONVERSION = YES;
				CLANG_WARN_OBJC_IMPLICIT_RETAIN_SELF = YES;
				CLANG_WARN_OBJC_LITERAL_CONVERSION = YES;
				CLANG_WARN_OBJC_ROOT_CLASS = YES_ERROR;
				CLANG_WARN_QUOTED_INCLUDE_IN_FRAMEWORK_HEADER = YES;
				CLANG_WARN_RANGE_LOOP_ANALYSIS = YES;
				CLANG_WARN_STRICT_PROTOTYPES = YES;
				CLANG_WARN_SUSPICIOUS_MOVE = YES;
				CLANG_WARN_UNGUARDED_AVAILABILITY = YES_AGGRESSIVE;
				CLANG_WARN_UNREACHABLE_CODE = YES;
				CLANG_WARN__DUPLICATE_METHOD_MATCH = YES;
				COPY_PHASE_STRIP = NO;
				DEBUG_INFORMATION_FORMAT = "dwarf-with-dsym";
				ENABLE_NS_ASSERTIONS = NO;
				ENABLE_STRICT_OBJC_MSGSEND = YES;
				GCC_C_LANGUAGE_STANDARD = gnu11;
				GCC_NO_COMMON_BLOCKS = YES;
				GCC_WARN_64_TO_32_BIT_CONVERSION = YES;
				GCC_WARN_ABOUT_RETURN_TYPE = YES_ERROR;
				GCC_WARN_UNDECLARED_SELECTOR = YES;
				GCC_WARN_UNINITIALIZED_AUTOS = YES_AGGRESSIVE;
				GCC_WARN_UNUSED_FUNCTION = YES;
				GCC_WARN_UNUSED_VARIABLE = YES;
				IPHONEOS_DEPLOYMENT_TARGET = 15.5;
				MTL_ENABLE_DEBUG_INFO = NO;
				MTL_FAST_MATH = YES;
				SDKROOT = iphoneos;
				SWIFT_COMPILATION_MODE = wholemodule;
				SWIFT_OPTIMIZATION_LEVEL = "-O";
				VALIDATE_PRODUCT = YES;
			};
			name = Release;
		};
		9931E81A28421C3A00688C0F /* Debug */ = {
			isa = XCBuildConfiguration;
			buildSettings = {
				ASSETCATALOG_COMPILER_APPICON_NAME = AppIcon;
				ASSETCATALOG_COMPILER_GLOBAL_ACCENT_COLOR_NAME = AccentColor;
				CODE_SIGN_STYLE = Automatic;
				CURRENT_PROJECT_VERSION = 1;
				GENERATE_INFOPLIST_FILE = YES;
				INFOPLIST_FILE = Diplom/Info.plist;
				INFOPLIST_KEY_UIApplicationSupportsIndirectInputEvents = YES;
				INFOPLIST_KEY_UILaunchStoryboardName = LaunchScreen;
				INFOPLIST_KEY_UISupportedInterfaceOrientations = UIInterfaceOrientationPortrait;
				INFOPLIST_KEY_UISupportedInterfaceOrientations_iPad = "UIInterfaceOrientationPortrait UIInterfaceOrientationPortraitUpsideDown UIInterfaceOrientationLandscapeLeft UIInterfaceOrientationLandscapeRight";
				INFOPLIST_KEY_UISupportedInterfaceOrientations_iPhone = "UIInterfaceOrientationPortrait UIInterfaceOrientationLandscapeLeft UIInterfaceOrientationLandscapeRight";
				INFOPLIST_KEY_UIUserInterfaceStyle = "";
				LD_RUNPATH_SEARCH_PATHS = (
					"$(inherited)",
					"@executable_path/Frameworks",
				);
				MARKETING_VERSION = 1.0;
				PRODUCT_BUNDLE_IDENTIFIER = AttenbourghtLife.Diplom;
				PRODUCT_NAME = "$(TARGET_NAME)";
				SWIFT_EMIT_LOC_STRINGS = YES;
				SWIFT_VERSION = 5.0;
				TARGETED_DEVICE_FAMILY = 1;
			};
			name = Debug;
		};
		9931E81B28421C3A00688C0F /* Release */ = {
			isa = XCBuildConfiguration;
			buildSettings = {
				ASSETCATALOG_COMPILER_APPICON_NAME = AppIcon;
				ASSETCATALOG_COMPILER_GLOBAL_ACCENT_COLOR_NAME = AccentColor;
				CODE_SIGN_STYLE = Automatic;
				CURRENT_PROJECT_VERSION = 1;
				GENERATE_INFOPLIST_FILE = YES;
				INFOPLIST_FILE = Diplom/Info.plist;
				INFOPLIST_KEY_UIApplicationSupportsIndirectInputEvents = YES;
				INFOPLIST_KEY_UILaunchStoryboardName = LaunchScreen;
				INFOPLIST_KEY_UISupportedInterfaceOrientations = UIInterfaceOrientationPortrait;
				INFOPLIST_KEY_UISupportedInterfaceOrientations_iPad = "UIInterfaceOrientationPortrait UIInterfaceOrientationPortraitUpsideDown UIInterfaceOrientationLandscapeLeft UIInterfaceOrientationLandscapeRight";
				INFOPLIST_KEY_UISupportedInterfaceOrientations_iPhone = "UIInterfaceOrientationPortrait UIInterfaceOrientationLandscapeLeft UIInterfaceOrientationLandscapeRight";
				INFOPLIST_KEY_UIUserInterfaceStyle = "";
				LD_RUNPATH_SEARCH_PATHS = (
					"$(inherited)",
					"@executable_path/Frameworks",
				);
				MARKETING_VERSION = 1.0;
				PRODUCT_BUNDLE_IDENTIFIER = AttenbourghtLife.Diplom;
				PRODUCT_NAME = "$(TARGET_NAME)";
				SWIFT_EMIT_LOC_STRINGS = YES;
				SWIFT_VERSION = 5.0;
				TARGETED_DEVICE_FAMILY = 1;
			};
			name = Release;
		};
/* End XCBuildConfiguration section */

/* Begin XCConfigurationList section */
		9931E80028421C3900688C0F /* Build configuration list for PBXProject "Diplom" */ = {
			isa = XCConfigurationList;
			buildConfigurations = (
				9931E81728421C3A00688C0F /* Debug */,
				9931E81828421C3A00688C0F /* Release */,
			);
			defaultConfigurationIsVisible = 0;
			defaultConfigurationName = Release;
		};
		9931E81928421C3A00688C0F /* Build configuration list for PBXNativeTarget "Diplom" */ = {
			isa = XCConfigurationList;
			buildConfigurations = (
				9931E81A28421C3A00688C0F /* Debug */,
				9931E81B28421C3A00688C0F /* Release */,
			);
			defaultConfigurationIsVisible = 0;
			defaultConfigurationName = Release;
		};
/* End XCConfigurationList section */
	};
	rootObject = 9931E7FD28421C3900688C0F /* Project object */;
}
